
Microsoft Visual Studio Solution File, Format Version 12.00
# Visual Studio Version 16
VisualStudioVersion = 16.0.30711.63
MinimumVisualStudioVersion = 10.0.40219.1
Project("{9A19103F-16F7-4668-BE54-9A1E7A4F7556}") = "MetalGearLiquid", "WpfApp1\MetalGearLiquid.csproj", "{3BE83CA6-4692-46FD-BDBD-D1A8C077999E}"
EndProject
Project("{9A19103F-16F7-4668-BE54-9A1E7A4F7556}") = "MetalGearLiquidTest", "MetalGearLiquidTest\MetalGearLiquidTest.csproj", "{44A2525C-E3D6-4F71-87CE-A8F0FF6F91C7}"
EndProject
Global
	GlobalSection(SolutionConfigurationPlatforms) = preSolution
		Debug|Any CPU = Debug|Any CPU
		Release|Any CPU = Release|Any CPU
	EndGlobalSection
	GlobalSection(ProjectConfigurationPlatforms) = postSolution
		{3BE83CA6-4692-46FD-BDBD-D1A8C077999E}.Debug|Any CPU.ActiveCfg = Debug|Any CPU
		{3BE83CA6-4692-46FD-BDBD-D1A8C077999E}.Debug|Any CPU.Build.0 = Debug|Any CPU
		{3BE83CA6-4692-46FD-BDBD-D1A8C077999E}.Release|Any CPU.ActiveCfg = Release|Any CPU
		{3BE83CA6-4692-46FD-BDBD-D1A8C077999E}.Release|Any CPU.Build.0 = Release|Any CPU
		{44A2525C-E3D6-4F71-87CE-A8F0FF6F91C7}.Debug|Any CPU.ActiveCfg = Debug|Any CPU
		{44A2525C-E3D6-4F71-87CE-A8F0FF6F91C7}.Debug|Any CPU.Build.0 = Debug|Any CPU
		{44A2525C-E3D6-4F71-87CE-A8F0FF6F91C7}.Release|Any CPU.ActiveCfg = Release|Any CPU
		{44A2525C-E3D6-4F71-87CE-A8F0FF6F91C7}.Release|Any CPU.Build.0 = Release|Any CPU
	EndGlobalSection
	GlobalSection(SolutionProperties) = preSolution
		HideSolutionNode = FALSE
	EndGlobalSection
	GlobalSection(ExtensibilityGlobals) = postSolution
		SolutionGuid = {5277D804-825D-4378-B482-28AF8CA20A3B}
	EndGlobalSection
EndGlobal
